
Microsoft Visual Studio Solution File, Format Version 12.00
# Visual Studio Version 17
VisualStudioVersion = 17.7.34031.279
MinimumVisualStudioVersion = 10.0.40219.1
Project("{FAE04EC0-301F-11D3-BF4B-00C04F79EFBC}") = "sha-bruteforce", "sha-bruteforce\sha-bruteforce.csproj", "{4F191CC3-BFE1-443E-80D9-61A2CB7AE9AD}"
EndProject
Global
	GlobalSection(SolutionConfigurationPlatforms) = preSolution
		Debug|Any CPU = Debug|Any CPU
		Release|Any CPU = Release|Any CPU
	EndGlobalSection
	GlobalSection(ProjectConfigurationPlatforms) = postSolution
		{4F191CC3-BFE1-443E-80D9-61A2CB7AE9AD}.Debug|Any CPU.ActiveCfg = Debug|Any CPU
		{4F191CC3-BFE1-443E-80D9-61A2CB7AE9AD}.Debug|Any CPU.Build.0 = Debug|Any CPU
		{4F191CC3-BFE1-443E-80D9-61A2CB7AE9AD}.Release|Any CPU.ActiveCfg = Release|Any CPU
		{4F191CC3-BFE1-443E-80D9-61A2CB7AE9AD}.Release|Any CPU.Build.0 = Release|Any CPU
	EndGlobalSection
	GlobalSection(SolutionProperties) = preSolution
		HideSolutionNode = FALSE
	EndGlobalSection
	GlobalSection(ExtensibilityGlobals) = postSolution
		SolutionGuid = {510B2056-A34B-45E9-96D3-DAF2A4959066}
	EndGlobalSection
EndGlobal
